
Microsoft Visual Studio Solution File, Format Version 12.00
# Visual Studio Version 16
VisualStudioVersion = 16.0.32630.194
MinimumVisualStudioVersion = 10.0.40219.1
Project("{FAE04EC0-301F-11D3-BF4B-00C04F79EFBC}") = "proyrctofechanoconosola", "proyrctofechanoconosola\proyrctofechanoconosola.csproj", "{782D172E-4A02-4AB5-AAC5-B216E4727301}"
EndProject
Global
	GlobalSection(SolutionConfigurationPlatforms) = preSolution
		Debug|Any CPU = Debug|Any CPU
		Release|Any CPU = Release|Any CPU
	EndGlobalSection
	GlobalSection(ProjectConfigurationPlatforms) = postSolution
		{782D172E-4A02-4AB5-AAC5-B216E4727301}.Debug|Any CPU.ActiveCfg = Debug|Any CPU
		{782D172E-4A02-4AB5-AAC5-B216E4727301}.Debug|Any CPU.Build.0 = Debug|Any CPU
		{782D172E-4A02-4AB5-AAC5-B216E4727301}.Release|Any CPU.ActiveCfg = Release|Any CPU
		{782D172E-4A02-4AB5-AAC5-B216E4727301}.Release|Any CPU.Build.0 = Release|Any CPU
	EndGlobalSection
	GlobalSection(SolutionProperties) = preSolution
		HideSolutionNode = FALSE
	EndGlobalSection
	GlobalSection(ExtensibilityGlobals) = postSolution
		SolutionGuid = {B7F5F257-69F8-4B27-A1DB-1FA1277273EA}
	EndGlobalSection
EndGlobal
